<?xml version="1.0" encoding="utf-8"?>
<Project ToolsVersion="4.0" xmlns="http://schemas.microsoft.com/developer/msbuild/2003">
  <ItemGroup>
    <ClCompile Include="$(MSBuildThisFileDirectory)urSceneManager.cpp">
      <Filter>Scene</Filter>
    </ClCompile>
    <ClCompile Include="$(MSBuildThisFileDirectory)urScene.cpp">
      <Filter>Scene</Filter>
    </ClCompile>
    <ClCompile Include="$(MSBuildThisFileDirectory)urEntity.cpp" />
    <ClCompile Include="$(MSBuildThisFileDirectory)urInput.cpp">
      <Filter>Helper</Filter>
    </ClCompile>
    <ClCompile Include="$(MSBuildThisFileDirectory)urTime.cpp">
      <Filter>Helper</Filter>
    </ClCompile>
    <ClCompile Include="$(MSBuildThisFileDirectory)urApplication.cpp">
      <Filter>Application</Filter>
    </ClCompile>
    <ClCompile Include="$(MSBuildThisFileDirectory)urComponent.cpp">
      <Filter>Component</Filter>
    </ClCompile>
    <ClCompile Include="$(MSBuildThisFileDirectory)GameObject.cpp">
      <Filter>Contents</Filter>
    </ClCompile>
    <ClCompile Include="$(MSBuildThisFileDirectory)urPlayer.cpp">
      <Filter>Contents</Filter>
    </ClCompile>
    <ClCompile Include="$(MSBuildThisFileDirectory)urLayer.cpp">
      <Filter>Scene</Filter>
    </ClCompile>
    <ClCompile Include="$(MSBuildThisFileDirectory)urMath.cpp">
      <Filter>Common</Filter>
    </ClCompile>
    <ClCompile Include="$(MSBuildThisFileDirectory)urBackground.cpp">
      <Filter>Contents</Filter>
    </ClCompile>
    <ClCompile Include="$(MSBuildThisFileDirectory)urResource.cpp">
      <Filter>Resource Management</Filter>
    </ClCompile>
    <ClCompile Include="$(MSBuildThisFileDirectory)urResources.cpp">
      <Filter>Resource Management</Filter>
    </ClCompile>
    <ClCompile Include="$(MSBuildThisFileDirectory)urTexture.cpp">
      <Filter>Resource Management\Texture</Filter>
    </ClCompile>
    <ClCompile Include="$(MSBuildThisFileDirectory)urScript.cpp">
      <Filter>Component\Script</Filter>
    </ClCompile>
    <ClCompile Include="$(MSBuildThisFileDirectory)urTransform.cpp">
      <Filter>Component\Transform</Filter>
    </ClCompile>
    <ClCompile Include="$(MSBuildThisFileDirectory)urSpriteRenderer.cpp">
      <Filter>Component\SpriteRenderer</Filter>
    </ClCompile>
    <ClCompile Include="$(MSBuildThisFileDirectory)urCamera.cpp">
      <Filter>Component\Camera</Filter>
    </ClCompile>
    <ClCompile Include="$(MSBuildThisFileDirectory)urRenderer.cpp">
      <Filter>Helper</Filter>
    </ClCompile>
    <ClCompile Include="$(MSBuildThisFileDirectory)urAnimator.cpp">
      <Filter>Component\Animator</Filter>
    </ClCompile>
    <ClCompile Include="$(MSBuildThisFileDirectory)urAnimation.cpp">
      <Filter>Resource Management\Animation</Filter>
    </ClCompile>
    <ClCompile Include="$(MSBuildThisFileDirectory)urCat.cpp">
      <Filter>Contents</Filter>
    </ClCompile>
  </ItemGroup>
  <ItemGroup>
    <ClInclude Include="$(MSBuildThisFileDirectory)urSceneManager.h">
      <Filter>Scene</Filter>
    </ClInclude>
    <ClInclude Include="$(MSBuildThisFileDirectory)urScene.h">
      <Filter>Scene</Filter>
    </ClInclude>
    <ClInclude Include="$(MSBuildThisFileDirectory)urEntity.h" />
    <ClInclude Include="$(MSBuildThisFileDirectory)urInput.h">
      <Filter>Helper</Filter>
    </ClInclude>
    <ClInclude Include="$(MSBuildThisFileDirectory)urTime.h">
      <Filter>Helper</Filter>
    </ClInclude>
    <ClInclude Include="$(MSBuildThisFileDirectory)urApplication.h">
      <Filter>Application</Filter>
    </ClInclude>
    <ClInclude Include="$(MSBuildThisFileDirectory)urComponent.h">
      <Filter>Component</Filter>
    </ClInclude>
    <ClInclude Include="$(MSBuildThisFileDirectory)GameObject.h">
      <Filter>Contents</Filter>
    </ClInclude>
    <ClInclude Include="$(MSBuildThisFileDirectory)urPlayer.h">
      <Filter>Contents</Filter>
    </ClInclude>
    <ClInclude Include="$(MSBuildThisFileDirectory)urLayer.h">
      <Filter>Scene</Filter>
    </ClInclude>
    <ClInclude Include="$(MSBuildThisFileDirectory)commonInclude.h">
      <Filter>Common</Filter>
    </ClInclude>
    <ClInclude Include="$(MSBuildThisFileDirectory)urMath.h">
      <Filter>Common</Filter>
    </ClInclude>
    <ClInclude Include="$(MSBuildThisFileDirectory)urLnums.h">
      <Filter>Common</Filter>
    </ClInclude>
    <ClInclude Include="$(MSBuildThisFileDirectory)urObject.h">
      <Filter>Common</Filter>
    </ClInclude>
    <ClInclude Include="$(MSBuildThisFileDirectory)urBackground.h">
      <Filter>Contents</Filter>
    </ClInclude>
    <ClInclude Include="$(MSBuildThisFileDirectory)urResource.h">
      <Filter>Resource Management</Filter>
    </ClInclude>
    <ClInclude Include="$(MSBuildThisFileDirectory)urResources.h">
      <Filter>Resource Management</Filter>
    </ClInclude>
    <ClInclude Include="$(MSBuildThisFileDirectory)urTexture.h">
      <Filter>Resource Management\Texture</Filter>
    </ClInclude>
    <ClInclude Include="$(MSBuildThisFileDirectory)urScript.h">
      <Filter>Component\Script</Filter>
    </ClInclude>
    <ClInclude Include="$(MSBuildThisFileDirectory)urTransform.h">
      <Filter>Component\Transform</Filter>
    </ClInclude>
    <ClInclude Include="$(MSBuildThisFileDirectory)urSpriteRenderer.h">
      <Filter>Component\SpriteRenderer</Filter>
    </ClInclude>
    <ClInclude Include="$(MSBuildThisFileDirectory)urCamera.h">
      <Filter>Component\Camera</Filter>
    </ClInclude>
    <ClInclude Include="$(MSBuildThisFileDirectory)urRenderer.h">
      <Filter>Helper</Filter>
    </ClInclude>
    <ClInclude Include="$(MSBuildThisFileDirectory)urAnimator.h">
      <Filter>Component\Animator</Filter>
    </ClInclude>
    <ClInclude Include="$(MSBuildThisFileDirectory)urAnimation.h">
      <Filter>Resource Management\Animation</Filter>
    </ClInclude>
    <ClInclude Include="$(MSBuildThisFileDirectory)urCat.h">
      <Filter>Contents</Filter>
    </ClInclude>
  </ItemGroup>
  <ItemGroup>
    <Filter Include="Helper">
      <UniqueIdentifier>{8f712f34-fe21-4b22-a7dd-b473d03571bd}</UniqueIdentifier>
    </Filter>
    <Filter Include="Component">
      <UniqueIdentifier>{6c8ecaee-dc5e-4f7e-aad1-162048cf267d}</UniqueIdentifier>
    </Filter>
    <Filter Include="Application">
      <UniqueIdentifier>{2ae988dd-5f05-4b95-8159-b39326e1da2a}</UniqueIdentifier>
    </Filter>
    <Filter Include="Contents">
      <UniqueIdentifier>{fc50e56f-c54c-40f5-8f2c-91fff83465d6}</UniqueIdentifier>
    </Filter>
    <Filter Include="Scene">
      <UniqueIdentifier>{3c6c8fe5-b277-4560-9afe-4ac07fe00970}</UniqueIdentifier>
    </Filter>
    <Filter Include="Common">
      <UniqueIdentifier>{5263905b-bd19-4274-8545-41a1d5484f69}</UniqueIdentifier>
    </Filter>
    <Filter Include="Component\Script">
      <UniqueIdentifier>{f79961fd-1a72-4bca-a218-655cae68dfa9}</UniqueIdentifier>
    </Filter>
    <Filter Include="Component\Transform">
      <UniqueIdentifier>{123269c7-83d1-4ab8-ae63-3ddfe12d9d23}</UniqueIdentifier>
    </Filter>
    <Filter Include="Component\SpriteRenderer">
      <UniqueIdentifier>{a583ab6d-02ca-45d2-acf2-0e4e5878743b}</UniqueIdentifier>
    </Filter>
    <Filter Include="Component\Camera">
      <UniqueIdentifier>{94982aff-f3e9-49f1-a10a-5be28f80b9d2}</UniqueIdentifier>
    </Filter>
    <Filter Include="Component\Animator">
      <UniqueIdentifier>{3c7bb011-66b8-4342-b422-338e6ee19d45}</UniqueIdentifier>
    </Filter>
    <Filter Include="Resource Management">
      <UniqueIdentifier>{e88f8299-7c22-47d8-ae45-57e893ef2e81}</UniqueIdentifier>
    </Filter>
    <Filter Include="Resource Management\Texture">
      <UniqueIdentifier>{e608085e-9d82-4f36-aade-1d7eca7da8e0}</UniqueIdentifier>
    </Filter>
    <Filter Include="Resource Management\Animation">
      <UniqueIdentifier>{289aaaa4-f50d-467c-bd8f-32de1a731ff5}</UniqueIdentifier>
    </Filter>
  </ItemGroup>
</Project>