<?xml version="1.0" encoding="utf-8"?>
<Project ToolsVersion="4.0" xmlns="http://schemas.microsoft.com/developer/msbuild/2003">
  <ItemGroup>
    <ClCompile Include="$(MSBuildThisFileDirectory)urSceneManager.cpp">
      <Filter>Scene</Filter>
    </ClCompile>
    <ClCompile Include="$(MSBuildThisFileDirectory)urScene.cpp">
      <Filter>Scene</Filter>
    </ClCompile>
    <ClCompile Include="$(MSBuildThisFileDirectory)urEntity.cpp" />
    <ClCompile Include="$(MSBuildThisFileDirectory)urInput.cpp">
      <Filter>Helper</Filter>
    </ClCompile>
    <ClCompile Include="$(MSBuildThisFileDirectory)urTime.cpp">
      <Filter>Helper</Filter>
    </ClCompile>
    <ClCompile Include="$(MSBuildThisFileDirectory)urApplication.cpp">
      <Filter>Application</Filter>
    </ClCompile>
    <ClCompile Include="$(MSBuildThisFileDirectory)urComponent.cpp">
      <Filter>Component</Filter>
    </ClCompile>
    <ClCompile Include="$(MSBuildThisFileDirectory)GameObject.cpp">
      <Filter>Contents</Filter>
    </ClCompile>
    <ClCompile Include="$(MSBuildThisFileDirectory)EnemyTest.cpp">
      <Filter>Contents</Filter>
    </ClCompile>
    <ClCompile Include="$(MSBuildThisFileDirectory)urTransform.cpp">
      <Filter>Component</Filter>
    </ClCompile>
    <ClCompile Include="$(MSBuildThisFileDirectory)urSpriteRenderer.cpp">
      <Filter>Component</Filter>
    </ClCompile>
    <ClCompile Include="$(MSBuildThisFileDirectory)urPlayer.cpp">
      <Filter>Contents</Filter>
    </ClCompile>
    <ClCompile Include="$(MSBuildThisFileDirectory)urResource.cpp" />
    <ClCompile Include="$(MSBuildThisFileDirectory)urResources.cpp" />
    <ClCompile Include="$(MSBuildThisFileDirectory)urLayer.cpp">
      <Filter>Scene</Filter>
    </ClCompile>
    <ClCompile Include="$(MSBuildThisFileDirectory)urMath.cpp">
      <Filter>Common</Filter>
    </ClCompile>
  </ItemGroup>
  <ItemGroup>
    <ClInclude Include="$(MSBuildThisFileDirectory)urSceneManager.h">
      <Filter>Scene</Filter>
    </ClInclude>
    <ClInclude Include="$(MSBuildThisFileDirectory)urScene.h">
      <Filter>Scene</Filter>
    </ClInclude>
    <ClInclude Include="$(MSBuildThisFileDirectory)urEntity.h" />
    <ClInclude Include="$(MSBuildThisFileDirectory)urInput.h">
      <Filter>Helper</Filter>
    </ClInclude>
    <ClInclude Include="$(MSBuildThisFileDirectory)urTime.h">
      <Filter>Helper</Filter>
    </ClInclude>
    <ClInclude Include="$(MSBuildThisFileDirectory)urApplication.h">
      <Filter>Application</Filter>
    </ClInclude>
    <ClInclude Include="$(MSBuildThisFileDirectory)urComponent.h">
      <Filter>Component</Filter>
    </ClInclude>
    <ClInclude Include="$(MSBuildThisFileDirectory)GameObject.h">
      <Filter>Contents</Filter>
    </ClInclude>
    <ClInclude Include="$(MSBuildThisFileDirectory)EnemyTest.h">
      <Filter>Contents</Filter>
    </ClInclude>
    <ClInclude Include="$(MSBuildThisFileDirectory)urTransform.h">
      <Filter>Component</Filter>
    </ClInclude>
    <ClInclude Include="$(MSBuildThisFileDirectory)urSpriteRenderer.h">
      <Filter>Component</Filter>
    </ClInclude>
    <ClInclude Include="$(MSBuildThisFileDirectory)urPlayer.h">
      <Filter>Contents</Filter>
    </ClInclude>
    <ClInclude Include="$(MSBuildThisFileDirectory)urResource.h" />
    <ClInclude Include="$(MSBuildThisFileDirectory)urResources.h" />
    <ClInclude Include="$(MSBuildThisFileDirectory)urLayer.h">
      <Filter>Scene</Filter>
    </ClInclude>
    <ClInclude Include="$(MSBuildThisFileDirectory)commonInclude.h">
      <Filter>Common</Filter>
    </ClInclude>
    <ClInclude Include="$(MSBuildThisFileDirectory)urMath.h">
      <Filter>Common</Filter>
    </ClInclude>
    <ClInclude Include="$(MSBuildThisFileDirectory)urLnums.h">
      <Filter>Common</Filter>
    </ClInclude>
  </ItemGroup>
  <ItemGroup>
    <Filter Include="Helper">
      <UniqueIdentifier>{8f712f34-fe21-4b22-a7dd-b473d03571bd}</UniqueIdentifier>
    </Filter>
    <Filter Include="Component">
      <UniqueIdentifier>{6c8ecaee-dc5e-4f7e-aad1-162048cf267d}</UniqueIdentifier>
    </Filter>
    <Filter Include="Application">
      <UniqueIdentifier>{2ae988dd-5f05-4b95-8159-b39326e1da2a}</UniqueIdentifier>
    </Filter>
    <Filter Include="Contents">
      <UniqueIdentifier>{fc50e56f-c54c-40f5-8f2c-91fff83465d6}</UniqueIdentifier>
    </Filter>
    <Filter Include="Scene">
      <UniqueIdentifier>{3c6c8fe5-b277-4560-9afe-4ac07fe00970}</UniqueIdentifier>
    </Filter>
    <Filter Include="Common">
      <UniqueIdentifier>{5263905b-bd19-4274-8545-41a1d5484f69}</UniqueIdentifier>
    </Filter>
  </ItemGroup>
</Project>